
Microsoft Visual Studio Solution File, Format Version 12.00
# Visual Studio Version 16
VisualStudioVersion = 16.0.32630.194
MinimumVisualStudioVersion = 10.0.40219.1
Project("{FAE04EC0-301F-11D3-BF4B-00C04F79EFBC}") = "QuarkCotizador", "QuarkCotizador\QuarkCotizador.csproj", "{318538EC-BF12-41CD-8ACC-ACEE633712CF}"
EndProject
Project("{FAE04EC0-301F-11D3-BF4B-00C04F79EFBC}") = "Cotizador_Entity_Library", "Cotizador_Entity_Library\Cotizador_Entity_Library.csproj", "{DBDD30EC-6ACC-4412-B4DC-66022B9506EB}"
EndProject
Global
	GlobalSection(SolutionConfigurationPlatforms) = preSolution
		Debug|Any CPU = Debug|Any CPU
		Release|Any CPU = Release|Any CPU
	EndGlobalSection
	GlobalSection(ProjectConfigurationPlatforms) = postSolution
		{318538EC-BF12-41CD-8ACC-ACEE633712CF}.Debug|Any CPU.ActiveCfg = Debug|Any CPU
		{318538EC-BF12-41CD-8ACC-ACEE633712CF}.Debug|Any CPU.Build.0 = Debug|Any CPU
		{318538EC-BF12-41CD-8ACC-ACEE633712CF}.Release|Any CPU.ActiveCfg = Release|Any CPU
		{318538EC-BF12-41CD-8ACC-ACEE633712CF}.Release|Any CPU.Build.0 = Release|Any CPU
		{DBDD30EC-6ACC-4412-B4DC-66022B9506EB}.Debug|Any CPU.ActiveCfg = Debug|Any CPU
		{DBDD30EC-6ACC-4412-B4DC-66022B9506EB}.Debug|Any CPU.Build.0 = Debug|Any CPU
		{DBDD30EC-6ACC-4412-B4DC-66022B9506EB}.Release|Any CPU.ActiveCfg = Release|Any CPU
		{DBDD30EC-6ACC-4412-B4DC-66022B9506EB}.Release|Any CPU.Build.0 = Release|Any CPU
	EndGlobalSection
	GlobalSection(SolutionProperties) = preSolution
		HideSolutionNode = FALSE
	EndGlobalSection
	GlobalSection(ExtensibilityGlobals) = postSolution
		SolutionGuid = {EDBF60F9-2F91-4CA1-92DD-6BAB0B27A2D8}
	EndGlobalSection
EndGlobal
